
Microsoft Visual Studio Solution File, Format Version 12.00
# Visual Studio Version 16
VisualStudioVersion = 16.0.30523.141
MinimumVisualStudioVersion = 10.0.40219.1
Project("{FAE04EC0-301F-11D3-BF4B-00C04F79EFBC}") = "DirectoryInformation", "DirectoryInformation\DirectoryInformation.csproj", "{704D077C-8B8B-46A4-A96E-560E7E16C531}"
EndProject
Global
	GlobalSection(SolutionConfigurationPlatforms) = preSolution
		Debug|Any CPU = Debug|Any CPU
		Release|Any CPU = Release|Any CPU
	EndGlobalSection
	GlobalSection(ProjectConfigurationPlatforms) = postSolution
		{704D077C-8B8B-46A4-A96E-560E7E16C531}.Debug|Any CPU.ActiveCfg = Debug|Any CPU
		{704D077C-8B8B-46A4-A96E-560E7E16C531}.Debug|Any CPU.Build.0 = Debug|Any CPU
		{704D077C-8B8B-46A4-A96E-560E7E16C531}.Release|Any CPU.ActiveCfg = Release|Any CPU
		{704D077C-8B8B-46A4-A96E-560E7E16C531}.Release|Any CPU.Build.0 = Release|Any CPU
	EndGlobalSection
	GlobalSection(SolutionProperties) = preSolution
		HideSolutionNode = FALSE
	EndGlobalSection
	GlobalSection(ExtensibilityGlobals) = postSolution
		SolutionGuid = {4A25BE4D-6B07-43C8-B740-D4CA568120BB}
	EndGlobalSection
EndGlobal
